{"version":4,"terraform_version":"1.12.3","serial":3,"lineage":"e6b051b9-2236-6291-9a47-f4f8d41be677","outputs":{"controller_public_ip":{"value":"18.206.252.6","type":"string"}},"resources":[{"mode":"data","type":"aws_ami","name":"amazon_linux","provider":"provider[\"registry.opentofu.org/hashicorp/aws\"]","instances":[{"schema_version":0,"attributes":{"allow_unsafe_filter":null,"architecture":"x86_64","arn":"arn:aws:ec2:us-east-1::image/ami-084b17e3cb2d02a6c","block_device_mappings":[{"device_name":"/dev/xvda","ebs":{"delete_on_termination":"true","encrypted":"false","iops":"3000","snapshot_id":"snap-07a3d02071c7fd868","throughput":"125","volume_initialization_rate":"0","volume_size":"2","volume_type":"gp3"},"no_device":"","virtual_name":""}],"boot_mode":"uefi-preferred","creation_date":"2026-08-03T17:46:53.000Z","deprecation_time":"2026-11-01T17:48:00.000Z","description":"Amazon Linux 2023 AMI 2023.12.20260803.3 x86_64 Minimal HVM kernel-6.12","ena_support":true,"executable_users":null,"filter":[{"name":"name","values":["al2023-ami-*-x86_64"]}],"hypervisor":"xen","id":"ami-084b17e3cb2d02a6c","image_id":"ami-084b17e3cb2d02a6c","image_location":"amazon/al2023-ami-minimal-2023.12.20260803.3-kernel-6.12-x86_64","image_owner_alias":"amazon","image_type":"machine","imds_support":"v2.0","include_deprecated":false,"kernel_id":"","last_launched_time":"","most_recent":true,"name":"al2023-ami-minimal-2023.12.20260803.3-kernel-6.12-x86_64","name_regex":null,"owner_id":"137112412989","owners":["amazon"],"platform":"","platform_details":"Linux/UNIX","product_codes":[],"public":true,"ramdisk_id":"","region":"us-east-1","root_device_name":"/dev/xvda","root_device_type":"ebs","root_snapshot_id":"snap-07a3d02071c7fd868","sriov_net_support":"simple","state":"available","state_reason":{"code":"UNSET","message":"UNSET"},"tags":{},"timeouts":null,"tpm_support":"","uefi_data":null,"usage_operation":"RunInstances","virtualization_type":"hvm"},"sensitive_attributes":[]}]},{"mode":"data","type":"aws_iam_policy_document","name":"ec2_assume_role","provider":"provider[\"registry.opentofu.org/hashicorp/aws\"]","instances":[{"schema_version":0,"attributes":{"id":"2851119427","json":"{\n  \"Version\": \"2012-10-17\",\n  \"Statement\": [\n    {\n      \"Effect\": \"Allow\",\n      \"Action\": \"sts:AssumeRole\",\n      \"Principal\": {\n        \"Service\": \"ec2.amazonaws.com\"\n      }\n    }\n  ]\n}","minified_json":"{\"Version\":\"2012-10-17\",\"Statement\":[{\"Effect\":\"Allow\",\"Action\":\"sts:AssumeRole\",\"Principal\":{\"Service\":\"ec2.amazonaws.com\"}}]}","override_json":null,"override_policy_documents":null,"policy_id":null,"source_json":null,"source_policy_documents":null,"statement":[{"actions":["sts:AssumeRole"],"condition":[],"effect":"Allow","not_actions":[],"not_principals":[],"not_resources":[],"principals":[{"identifiers":["ec2.amazonaws.com"],"type":"Service"}],"resources":[],"sid":""}],"version":"2012-10-17"},"sensitive_attributes":[]}]},{"mode":"data","type":"aws_subnets","name":"default","provider":"provider[\"registry.opentofu.org/hashicorp/aws\"]","instances":[{"schema_version":0,"attributes":{"filter":[{"name":"vpc-id","values":["vpc-0efbfa29718e9c99c"]}],"id":"us-east-1","ids":["subnet-014222327482c67e7","subnet-0babe57f2d4e49bd8","subnet-05d35c28d26a6529e","subnet-0b049e14c19d73d24","subnet-0f849b86628dab601","subnet-03ee69b0b3e2b220f"],"region":"us-east-1","tags":null,"timeouts":null},"sensitive_attributes":[]}]},{"mode":"data","type":"aws_vpc","name":"default","provider":"provider[\"registry.opentofu.org/hashicorp/aws\"]","instances":[{"schema_version":0,"attributes":{"arn":"arn:aws:ec2:us-east-1:417521971870:vpc/vpc-0efbfa29718e9c99c","cidr_block":"172.31.0.0/16","cidr_block_associations":[{"association_id":"vpc-cidr-assoc-0981b1861dd7213e0","cidr_block":"172.31.0.0/16","state":"associated"}],"default":true,"dhcp_options_id":"dopt-0bd1baee924226f46","enable_dns_hostnames":true,"enable_dns_support":true,"enable_network_address_usage_metrics":false,"filter":null,"id":"vpc-0efbfa29718e9c99c","instance_tenancy":"default","ipv6_association_id":"","ipv6_cidr_block":"","ipv6_cidr_block_associations":[],"main_route_table_id":"rtb-015a4f90667961302","owner_id":"417521971870","region":"us-east-1","state":null,"tags":{},"timeouts":null},"sensitive_attributes":[]}]},{"mode":"managed","type":"aws_iam_instance_profile","name":"ansible_controller_profile","provider":"provider[\"registry.opentofu.org/hashicorp/aws\"]","instances":[{"schema_version":0,"attributes":{"arn":"arn:aws:iam::417521971870:instance-profile/ansible-controller-profile","create_date":"2026-08-06T16:21:23Z","id":"ansible-controller-profile","name":"ansible-controller-profile","name_prefix":"","path":"/","role":"ansible-controller-role","tags":{},"tags_all":{},"unique_id":"AIPAWCNR7WKPJZR7LQUOI"},"sensitive_attributes":[],"private":"bnVsbA==","dependencies":["aws_iam_role.ansible_controller_role","data.aws_iam_policy_document.ec2_assume_role"],"identity":{"account_id":"417521971870","name":"ansible-controller-profile"},"identity_schema_version":0}]},{"mode":"managed","type":"aws_iam_role","name":"ansible_controller_role","provider":"provider[\"registry.opentofu.org/hashicorp/aws\"]","instances":[{"schema_version":0,"attributes":{"arn":"arn:aws:iam::417521971870:role/ansible-controller-role","assume_role_policy":"{\"Statement\":[{\"Action\":\"sts:AssumeRole\",\"Effect\":\"Allow\",\"Principal\":{\"Service\":\"ec2.amazonaws.com\"}}],\"Version\":\"2012-10-17\"}","create_date":"2026-08-06T16:21:22Z","description":"","force_detach_policies":false,"id":"ansible-controller-role","inline_policy":[],"managed_policy_arns":["arn:aws:iam::aws:policy/AmazonEC2ReadOnlyAccess"],"max_session_duration":3600,"name":"ansible-controller-role","name_prefix":"","path":"/","permissions_boundary":"","tags":{},"tags_all":{},"unique_id":"AROAWCNR7WKPOZ7MO5YF2"},"sensitive_attributes":[],"private":"bnVsbA==","dependencies":["data.aws_iam_policy_document.ec2_assume_role"],"identity":{"account_id":"417521971870","name":"ansible-controller-role"},"identity_schema_version":0}]},{"mode":"managed","type":"aws_iam_role_policy_attachment","name":"ec2_readonly","provider":"provider[\"registry.opentofu.org/hashicorp/aws\"]","instances":[{"schema_version":0,"attributes":{"id":"ansible-controller-role/arn:aws:iam::aws:policy/AmazonEC2ReadOnlyAccess","policy_arn":"arn:aws:iam::aws:policy/AmazonEC2ReadOnlyAccess","role":"ansible-controller-role"},"sensitive_attributes":[],"private":"bnVsbA==","dependencies":["aws_iam_role.ansible_controller_role","data.aws_iam_policy_document.ec2_assume_role"],"identity":{"account_id":"417521971870","policy_arn":"arn:aws:iam::aws:policy/AmazonEC2ReadOnlyAccess","role":"ansible-controller-role"},"identity_schema_version":0}]},{"mode":"managed","type":"aws_instance","name":"ansible_controller","provider":"provider[\"registry.opentofu.org/hashicorp/aws\"]","instances":[{"schema_version":2,"attributes":{"ami":"ami-084b17e3cb2d02a6c","arn":"arn:aws:ec2:us-east-1:417521971870:instance/i-0c3d15c041e9a7411","associate_public_ip_address":true,"availability_zone":"us-east-1b","capacity_reservation_specification":[{"capacity_reservation_preference":"open","capacity_reservation_target":[]}],"cpu_options":[{"amd_sev_snp":"","core_count":1,"nested_virtualization":"","threads_per_core":2}],"credit_specification":[{"cpu_credits":"unlimited"}],"disable_api_stop":false,"disable_api_termination":false,"ebs_block_device":[],"ebs_optimized":false,"enable_primary_ipv6":null,"enclave_options":[{"enabled":false}],"ephemeral_block_device":[],"force_destroy":false,"get_password_data":false,"hibernation":false,"host_id":"","host_resource_group_arn":null,"iam_instance_profile":"ansible-controller-profile","id":"i-0c3d15c041e9a7411","instance_initiated_shutdown_behavior":"stop","instance_lifecycle":"","instance_market_options":[],"instance_state":"running","instance_type":"t3.micro","ipv6_address_count":0,"ipv6_addresses":[],"key_name":"aadvik","launch_template":[],"maintenance_options":[{"auto_recovery":"default"}],"metadata_options":[{"http_endpoint":"enabled","http_protocol_ipv6":"disabled","http_put_response_hop_limit":2,"http_tokens":"required","instance_metadata_tags":"disabled"}],"monitoring":false,"network_interface":[],"outpost_arn":"","password_data":"","placement_group":"","placement_group_id":"","placement_partition_number":0,"primary_network_interface":[{"delete_on_termination":true,"network_interface_id":"eni-0379956ad63058499"}],"primary_network_interface_id":"eni-0379956ad63058499","private_dns":"ip-172-31-94-118.ec2.internal","private_dns_name_options":[{"enable_resource_name_dns_a_record":false,"enable_resource_name_dns_aaaa_record":false,"hostname_type":"ip-name"}],"private_ip":"172.31.94.118","public_dns":"ec2-18-206-252-6.compute-1.amazonaws.com","public_ip":"18.206.252.6","region":"us-east-1","root_block_device":[{"delete_on_termination":true,"device_name":"/dev/xvda","encrypted":false,"iops":3000,"kms_key_id":"","tags":{},"tags_all":{},"throughput":125,"volume_id":"vol-0d30997354da80dcb","volume_size":2,"volume_type":"gp3"}],"secondary_network_interface":[],"secondary_private_ips":[],"security_groups":["ansible-controller-sg"],"source_dest_check":true,"spot_instance_request_id":"","subnet_id":"subnet-014222327482c67e7","tags":{"Name":"ansible-controller"},"tags_all":{"Name":"ansible-controller"},"tenancy":"default","timeouts":null,"user_data":null,"user_data_base64":null,"user_data_replace_on_change":false,"volume_tags":null,"vpc_security_group_ids":["sg-0297939941d31b3f0"]},"sensitive_attributes":[],"private":"eyJlMmJmYjczMC1lY2FhLTExZTYtOGY4OC0zNDM2M2JjN2M0YzAiOnsiY3JlYXRlIjo2MDAwMDAwMDAwMDAsImRlbGV0ZSI6MTIwMDAwMDAwMDAwMCwicmVhZCI6OTAwMDAwMDAwMDAwLCJ1cGRhdGUiOjYwMDAwMDAwMDAwMH0sInNjaGVtYV92ZXJzaW9uIjoiMiJ9","dependencies":["aws_iam_instance_profile.ansible_controller_profile","aws_iam_role.ansible_controller_role","aws_security_group.ansible_controller_sg","data.aws_ami.amazon_linux","data.aws_iam_policy_document.ec2_assume_role","data.aws_subnets.default","data.aws_vpc.default"],"identity":{"account_id":"417521971870","id":"i-0c3d15c041e9a7411","region":"us-east-1"},"identity_schema_version":0}]},{"mode":"managed","type":"aws_instance","name":"nginx_server","provider":"provider[\"registry.opentofu.org/hashicorp/aws\"]","instances":[{"index_key":0,"schema_version":2,"attributes":{"ami":"ami-084b17e3cb2d02a6c","arn":"arn:aws:ec2:us-east-1:417521971870:instance/i-0b88f6ae1a2fa4b6a","associate_public_ip_address":true,"availability_zone":"us-east-1b","capacity_reservation_specification":[{"capacity_reservation_preference":"open","capacity_reservation_target":[]}],"cpu_options":[{"amd_sev_snp":"","core_count":1,"nested_virtualization":"","threads_per_core":2}],"credit_specification":[{"cpu_credits":"unlimited"}],"disable_api_stop":false,"disable_api_termination":false,"ebs_block_device":[],"ebs_optimized":false,"enable_primary_ipv6":null,"enclave_options":[{"enabled":false}],"ephemeral_block_device":[],"force_destroy":false,"get_password_data":false,"hibernation":false,"host_id":"","host_resource_group_arn":null,"iam_instance_profile":"","id":"i-0b88f6ae1a2fa4b6a","instance_initiated_shutdown_behavior":"stop","instance_lifecycle":"","instance_market_options":[],"instance_state":"running","instance_type":"t3.micro","ipv6_address_count":0,"ipv6_addresses":[],"key_name":"aadvik","launch_template":[],"maintenance_options":[{"auto_recovery":"default"}],"metadata_options":[{"http_endpoint":"enabled","http_protocol_ipv6":"disabled","http_put_response_hop_limit":2,"http_tokens":"required","instance_metadata_tags":"disabled"}],"monitoring":false,"network_interface":[],"outpost_arn":"","password_data":"","placement_group":"","placement_group_id":"","placement_partition_number":0,"primary_network_interface":[{"delete_on_termination":true,"network_interface_id":"eni-04c3b0ae0aff6a316"}],"primary_network_interface_id":"eni-04c3b0ae0aff6a316","private_dns":"ip-172-31-89-80.ec2.internal","private_dns_name_options":[{"enable_resource_name_dns_a_record":false,"enable_resource_name_dns_aaaa_record":false,"hostname_type":"ip-name"}],"private_ip":"172.31.89.80","public_dns":"ec2-44-211-43-190.compute-1.amazonaws.com","public_ip":"44.211.43.190","region":"us-east-1","root_block_device":[{"delete_on_termination":true,"device_name":"/dev/xvda","encrypted":false,"iops":3000,"kms_key_id":"","tags":{},"tags_all":{},"throughput":125,"volume_id":"vol-014f0c4c42353b943","volume_size":2,"volume_type":"gp3"}],"secondary_network_interface":[],"secondary_private_ips":[],"security_groups":["nginx-sg"],"source_dest_check":true,"spot_instance_request_id":"","subnet_id":"subnet-014222327482c67e7","tags":{"Name":"nginx-server-1","Role":"webserver"},"tags_all":{"Name":"nginx-server-1","Role":"webserver"},"tenancy":"default","timeouts":null,"user_data":null,"user_data_base64":null,"user_data_replace_on_change":false,"volume_tags":null,"vpc_security_group_ids":["sg-02c88c0363adfa8f2"]},"sensitive_attributes":[],"private":"eyJlMmJmYjczMC1lY2FhLTExZTYtOGY4OC0zNDM2M2JjN2M0YzAiOnsiY3JlYXRlIjo2MDAwMDAwMDAwMDAsImRlbGV0ZSI6MTIwMDAwMDAwMDAwMCwicmVhZCI6OTAwMDAwMDAwMDAwLCJ1cGRhdGUiOjYwMDAwMDAwMDAwMH0sInNjaGVtYV92ZXJzaW9uIjoiMiJ9","dependencies":["aws_security_group.ansible_controller_sg","aws_security_group.nginx_sg","data.aws_ami.amazon_linux","data.aws_subnets.default","data.aws_vpc.default"],"identity":{"account_id":"417521971870","id":"i-0b88f6ae1a2fa4b6a","region":"us-east-1"},"identity_schema_version":0}]},{"mode":"managed","type":"aws_security_group","name":"ansible_controller_sg","provider":"provider[\"registry.opentofu.org/hashicorp/aws\"]","instances":[{"schema_version":1,"attributes":{"arn":"arn:aws:ec2:us-east-1:417521971870:security-group/sg-0297939941d31b3f0","description":"Allow SSH from my IP","egress":[{"cidr_blocks":["0.0.0.0/0"],"description":"","from_port":0,"ipv6_cidr_blocks":[],"prefix_list_ids":[],"protocol":"-1","security_groups":[],"self":false,"to_port":0}],"id":"sg-0297939941d31b3f0","ingress":[{"cidr_blocks":["0.0.0.0/0"],"description":"SSH","from_port":22,"ipv6_cidr_blocks":[],"prefix_list_ids":[],"protocol":"tcp","security_groups":[],"self":false,"to_port":22}],"name":"ansible-controller-sg","name_prefix":"","owner_id":"417521971870","region":"us-east-1","revoke_rules_on_delete":false,"tags":{"Name":"ansible-controller-sg"},"tags_all":{"Name":"ansible-controller-sg"},"timeouts":null,"vpc_id":"vpc-0efbfa29718e9c99c"},"sensitive_attributes":[],"private":"eyJlMmJmYjczMC1lY2FhLTExZTYtOGY4OC0zNDM2M2JjN2M0YzAiOnsiY3JlYXRlIjo2MDAwMDAwMDAwMDAsImRlbGV0ZSI6OTAwMDAwMDAwMDAwfSwic2NoZW1hX3ZlcnNpb24iOiIxIn0=","dependencies":["data.aws_vpc.default"],"identity":{"account_id":"417521971870","id":"sg-0297939941d31b3f0","region":"us-east-1"},"identity_schema_version":0}]},{"mode":"managed","type":"aws_security_group","name":"nginx_sg","provider":"provider[\"registry.opentofu.org/hashicorp/aws\"]","instances":[{"schema_version":1,"attributes":{"arn":"arn:aws:ec2:us-east-1:417521971870:security-group/sg-02c88c0363adfa8f2","description":"Allow SSH from controller and HTTP from anywhere","egress":[{"cidr_blocks":["0.0.0.0/0"],"description":"","from_port":0,"ipv6_cidr_blocks":[],"prefix_list_ids":[],"protocol":"-1","security_groups":[],"self":false,"to_port":0}],"id":"sg-02c88c0363adfa8f2","ingress":[{"cidr_blocks":["0.0.0.0/0"],"description":"HTTP","from_port":80,"ipv6_cidr_blocks":[],"prefix_list_ids":[],"protocol":"tcp","security_groups":[],"self":false,"to_port":80},{"cidr_blocks":[],"description":"SSH from Ansible controller","from_port":22,"ipv6_cidr_blocks":[],"prefix_list_ids":[],"protocol":"tcp","security_groups":["sg-0297939941d31b3f0"],"self":false,"to_port":22}],"name":"nginx-sg","name_prefix":"","owner_id":"417521971870","region":"us-east-1","revoke_rules_on_delete":false,"tags":{"Name":"nginx-sg"},"tags_all":{"Name":"nginx-sg"},"timeouts":null,"vpc_id":"vpc-0efbfa29718e9c99c"},"sensitive_attributes":[],"private":"eyJlMmJmYjczMC1lY2FhLTExZTYtOGY4OC0zNDM2M2JjN2M0YzAiOnsiY3JlYXRlIjo2MDAwMDAwMDAwMDAsImRlbGV0ZSI6OTAwMDAwMDAwMDAwfSwic2NoZW1hX3ZlcnNpb24iOiIxIn0=","dependencies":["aws_security_group.ansible_controller_sg","data.aws_vpc.default"],"identity":{"account_id":"417521971870","id":"sg-02c88c0363adfa8f2","region":"us-east-1"},"identity_schema_version":0}]}],"check_results":null}
